// !$*UTF8*$!
{
	archiveVersion = 1;
	classes = {
	};
	objectVersion = 56;
	objects = {

/* Begin PBXBuildFile section */
		5424F67C29A7731000E83983 /* AuthService.swift in Sources */ = {isa = PBXBuildFile; fileRef = 5424F67B29A7731000E83983 /* AuthService.swift */; };
		5424F67F29A77E2800E83983 /* LoginView.swift in Sources */ = {isa = PBXBuildFile; fileRef = 5424F67E29A77E2800E83983 /* LoginView.swift */; };
		5424F68129A77E4F00E83983 /* MainView.swift in Sources */ = {isa = PBXBuildFile; fileRef = 5424F68029A77E4F00E83983 /* MainView.swift */; };
		5424F68329AF4F9C00E83983 /* ProfilView.swift in Sources */ = {isa = PBXBuildFile; fileRef = 5424F68229AF4F9C00E83983 /* ProfilView.swift */; };
		5424F68529AF507F00E83983 /* CollectionView.swift in Sources */ = {isa = PBXBuildFile; fileRef = 5424F68429AF507F00E83983 /* CollectionView.swift */; };
		5424F68729AF517A00E83983 /* ItemView.swift in Sources */ = {isa = PBXBuildFile; fileRef = 5424F68629AF517A00E83983 /* ItemView.swift */; };
		5424F68929AF519F00E83983 /* DetailView.swift in Sources */ = {isa = PBXBuildFile; fileRef = 5424F68829AF519F00E83983 /* DetailView.swift */; };
		5424F68B29AF769200E83983 /* UserProfil.swift in Sources */ = {isa = PBXBuildFile; fileRef = 5424F68A29AF769200E83983 /* UserProfil.swift */; };
		5424F69129AF808800E83983 /* FirebaseAuth in Frameworks */ = {isa = PBXBuildFile; productRef = 5424F69029AF808800E83983 /* FirebaseAuth */; };
		5424F69329AF808800E83983 /* FirebaseFirestore in Frameworks */ = {isa = PBXBuildFile; productRef = 5424F69229AF808800E83983 /* FirebaseFirestore */; };
		5424F69529AF808800E83983 /* FirebaseFirestoreCombine-Community in Frameworks */ = {isa = PBXBuildFile; productRef = 5424F69429AF808800E83983 /* FirebaseFirestoreCombine-Community */; };
		5424F69729AF808800E83983 /* FirebaseFirestoreSwift in Frameworks */ = {isa = PBXBuildFile; productRef = 5424F69629AF808800E83983 /* FirebaseFirestoreSwift */; };
		5424F69929AF808800E83983 /* FirebaseStorage in Frameworks */ = {isa = PBXBuildFile; productRef = 5424F69829AF808800E83983 /* FirebaseStorage */; };
		5424F69B29AF808800E83983 /* FirebaseStorageCombine-Community in Frameworks */ = {isa = PBXBuildFile; productRef = 5424F69A29AF808800E83983 /* FirebaseStorageCombine-Community */; };
		5424F69D29AF80F300E83983 /* GoogleService-Info.plist in Resources */ = {isa = PBXBuildFile; fileRef = 5424F69C29AF80F300E83983 /* GoogleService-Info.plist */; };
		5424F6A029AFA1F200E83983 /* FindView.swift in Sources */ = {isa = PBXBuildFile; fileRef = 5424F69F29AFA1F200E83983 /* FindView.swift */; };
		5455400529EECDEE00C2F239 /* MyItems.swift in Sources */ = {isa = PBXBuildFile; fileRef = 5455400429EECDEE00C2F239 /* MyItems.swift */; };
		5455400929EED25500C2F239 /* MyItemsDetailView.swift in Sources */ = {isa = PBXBuildFile; fileRef = 5455400829EED25500C2F239 /* MyItemsDetailView.swift */; };
		5455400B29EEDF5800C2F239 /* MyImageShowView.swift in Sources */ = {isa = PBXBuildFile; fileRef = 5455400A29EEDF5800C2F239 /* MyImageShowView.swift */; };
		5455400D29EEE24200C2F239 /* MyItemView.swift in Sources */ = {isa = PBXBuildFile; fileRef = 5455400C29EEE24200C2F239 /* MyItemView.swift */; };
		5455400F29EF24AE00C2F239 /* InternetView.swift in Sources */ = {isa = PBXBuildFile; fileRef = 5455400E29EF24AE00C2F239 /* InternetView.swift */; };
		5455401129EF7A4A00C2F239 /* ProfilEditView.swift in Sources */ = {isa = PBXBuildFile; fileRef = 5455401029EF7A4A00C2F239 /* ProfilEditView.swift */; };
		546FACC0299E70C600C2ACF2 /* PEDLApp.swift in Sources */ = {isa = PBXBuildFile; fileRef = 546FACBF299E70C600C2ACF2 /* PEDLApp.swift */; };
		546FACC2299E70C600C2ACF2 /* ContentView.swift in Sources */ = {isa = PBXBuildFile; fileRef = 546FACC1299E70C600C2ACF2 /* ContentView.swift */; };
		546FACC4299E70C700C2ACF2 /* Assets.xcassets in Resources */ = {isa = PBXBuildFile; fileRef = 546FACC3299E70C700C2ACF2 /* Assets.xcassets */; };
		546FACC7299E70C700C2ACF2 /* Preview Assets.xcassets in Resources */ = {isa = PBXBuildFile; fileRef = 546FACC6299E70C700C2ACF2 /* Preview Assets.xcassets */; };
		546FACD2299E757C00C2ACF2 /* EuropeanaViewModel.swift in Sources */ = {isa = PBXBuildFile; fileRef = 546FACD1299E757C00C2ACF2 /* EuropeanaViewModel.swift */; };
		54B2681729EAC3DA00727EAD /* ImageShowView.swift in Sources */ = {isa = PBXBuildFile; fileRef = 54B2681629EAC3DA00727EAD /* ImageShowView.swift */; };
		54B2681929ED823300727EAD /* ImageLoadView.swift in Sources */ = {isa = PBXBuildFile; fileRef = 54B2681829ED823300727EAD /* ImageLoadView.swift */; };
		54B2681B29EDDC3500727EAD /* ImagePicker.swift in Sources */ = {isa = PBXBuildFile; fileRef = 54B2681A29EDDC3500727EAD /* ImagePicker.swift */; };
		54BCBCA229C1B8BC00511F0F /* CollectionTheme.swift in Sources */ = {isa = PBXBuildFile; fileRef = 54BCBCA129C1B8BC00511F0F /* CollectionTheme.swift */; };
		54BCBCA429C4832000511F0F /* LanguageView.swift in Sources */ = {isa = PBXBuildFile; fileRef = 54BCBCA329C4832000511F0F /* LanguageView.swift */; };
		54BCBCA629D2EA1F00511F0F /* ImageURLService.swift in Sources */ = {isa = PBXBuildFile; fileRef = 54BCBCA529D2EA1F00511F0F /* ImageURLService.swift */; };
		54BCBCA829D4752500511F0F /* MyCollectionView.swift in Sources */ = {isa = PBXBuildFile; fileRef = 54BCBCA729D4752500511F0F /* MyCollectionView.swift */; };
		54BCBCAA29D5A34500511F0F /* ResultsView.swift in Sources */ = {isa = PBXBuildFile; fileRef = 54BCBCA929D5A34500511F0F /* ResultsView.swift */; };
		54BCBCAC29D6D7BD00511F0F /* WebView.swift in Sources */ = {isa = PBXBuildFile; fileRef = 54BCBCAB29D6D7BC00511F0F /* WebView.swift */; };
		54DFE99D29E75CD300229DBA /* StorisView.swift in Sources */ = {isa = PBXBuildFile; fileRef = 54DFE99C29E75CD300229DBA /* StorisView.swift */; };
		54EB1DED29B242D900A1EF46 /* FireStoreViewModel.swift in Sources */ = {isa = PBXBuildFile; fileRef = 54EB1DEC29B242D900A1EF46 /* FireStoreViewModel.swift */; };
/* End PBXBuildFile section */

/* Begin PBXFileReference section */
		5424F67929A7723100E83983 /* PEDL.entitlements */ = {isa = PBXFileReference; lastKnownFileType = text.plist.entitlements; path = PEDL.entitlements; sourceTree = "<group>"; };
		5424F67B29A7731000E83983 /* AuthService.swift */ = {isa = PBXFileReference; lastKnownFileType = sourcecode.swift; path = AuthService.swift; sourceTree = "<group>"; };
		5424F67E29A77E2800E83983 /* LoginView.swift */ = {isa = PBXFileReference; lastKnownFileType = sourcecode.swift; path = LoginView.swift; sourceTree = "<group>"; };
		5424F68029A77E4F00E83983 /* MainView.swift */ = {isa = PBXFileReference; lastKnownFileType = sourcecode.swift; path = MainView.swift; sourceTree = "<group>"; };
		5424F68229AF4F9C00E83983 /* ProfilView.swift */ = {isa = PBXFileReference; lastKnownFileType = sourcecode.swift; path = ProfilView.swift; sourceTree = "<group>"; };
		5424F68429AF507F00E83983 /* CollectionView.swift */ = {isa = PBXFileReference; lastKnownFileType = sourcecode.swift; path = CollectionView.swift; sourceTree = "<group>"; };
		5424F68629AF517A00E83983 /* ItemView.swift */ = {isa = PBXFileReference; lastKnownFileType = sourcecode.swift; path = ItemView.swift; sourceTree = "<group>"; };
		5424F68829AF519F00E83983 /* DetailView.swift */ = {isa = PBXFileReference; lastKnownFileType = sourcecode.swift; path = DetailView.swift; sourceTree = "<group>"; };
		5424F68A29AF769200E83983 /* UserProfil.swift */ = {isa = PBXFileReference; lastKnownFileType = sourcecode.swift; path = UserProfil.swift; sourceTree = "<group>"; };
		5424F69C29AF80F300E83983 /* GoogleService-Info.plist */ = {isa = PBXFileReference; fileEncoding = 4; lastKnownFileType = text.plist.xml; name = "GoogleService-Info.plist"; path = "../../GoogleService-Info.plist"; sourceTree = "<group>"; };
		5424F69F29AFA1F200E83983 /* FindView.swift */ = {isa = PBXFileReference; lastKnownFileType = sourcecode.swift; path = FindView.swift; sourceTree = "<group>"; };
		5455400429EECDEE00C2F239 /* MyItems.swift */ = {isa = PBXFileReference; lastKnownFileType = sourcecode.swift; path = MyItems.swift; sourceTree = "<group>"; };
		5455400829EED25500C2F239 /* MyItemsDetailView.swift */ = {isa = PBXFileReference; lastKnownFileType = sourcecode.swift; path = MyItemsDetailView.swift; sourceTree = "<group>"; };
		5455400A29EEDF5800C2F239 /* MyImageShowView.swift */ = {isa = PBXFileReference; lastKnownFileType = sourcecode.swift; path = MyImageShowView.swift; sourceTree = "<group>"; };
		5455400C29EEE24200C2F239 /* MyItemView.swift */ = {isa = PBXFileReference; lastKnownFileType = sourcecode.swift; path = MyItemView.swift; sourceTree = "<group>"; };
		5455400E29EF24AE00C2F239 /* InternetView.swift */ = {isa = PBXFileReference; lastKnownFileType = sourcecode.swift; path = InternetView.swift; sourceTree = "<group>"; };
		5455401029EF7A4A00C2F239 /* ProfilEditView.swift */ = {isa = PBXFileReference; lastKnownFileType = sourcecode.swift; path = ProfilEditView.swift; sourceTree = "<group>"; };
		546FACBC299E70C600C2ACF2 /* PEDL.app */ = {isa = PBXFileReference; explicitFileType = wrapper.application; includeInIndex = 0; path = PEDL.app; sourceTree = BUILT_PRODUCTS_DIR; };
		546FACBF299E70C600C2ACF2 /* PEDLApp.swift */ = {isa = PBXFileReference; lastKnownFileType = sourcecode.swift; path = PEDLApp.swift; sourceTree = "<group>"; };
		546FACC1299E70C600C2ACF2 /* ContentView.swift */ = {isa = PBXFileReference; lastKnownFileType = sourcecode.swift; path = ContentView.swift; sourceTree = "<group>"; };
		546FACC3299E70C700C2ACF2 /* Assets.xcassets */ = {isa = PBXFileReference; lastKnownFileType = folder.assetcatalog; path = Assets.xcassets; sourceTree = "<group>"; };
		546FACC6299E70C700C2ACF2 /* Preview Assets.xcassets */ = {isa = PBXFileReference; lastKnownFileType = folder.assetcatalog; path = "Preview Assets.xcassets"; sourceTree = "<group>"; };
		546FACD1299E757C00C2ACF2 /* EuropeanaViewModel.swift */ = {isa = PBXFileReference; lastKnownFileType = sourcecode.swift; path = EuropeanaViewModel.swift; sourceTree = "<group>"; };
		54B2681629EAC3DA00727EAD /* ImageShowView.swift */ = {isa = PBXFileReference; lastKnownFileType = sourcecode.swift; path = ImageShowView.swift; sourceTree = "<group>"; };
		54B2681829ED823300727EAD /* ImageLoadView.swift */ = {isa = PBXFileReference; lastKnownFileType = sourcecode.swift; path = ImageLoadView.swift; sourceTree = "<group>"; };
		54B2681A29EDDC3500727EAD /* ImagePicker.swift */ = {isa = PBXFileReference; lastKnownFileType = sourcecode.swift; path = ImagePicker.swift; sourceTree = "<group>"; };
		54BCBCA129C1B8BC00511F0F /* CollectionTheme.swift */ = {isa = PBXFileReference; lastKnownFileType = sourcecode.swift; path = CollectionTheme.swift; sourceTree = "<group>"; };
		54BCBCA329C4832000511F0F /* LanguageView.swift */ = {isa = PBXFileReference; lastKnownFileType = sourcecode.swift; path = LanguageView.swift; sourceTree = "<group>"; };
		54BCBCA529D2EA1F00511F0F /* ImageURLService.swift */ = {isa = PBXFileReference; lastKnownFileType = sourcecode.swift; path = ImageURLService.swift; sourceTree = "<group>"; };
		54BCBCA729D4752500511F0F /* MyCollectionView.swift */ = {isa = PBXFileReference; lastKnownFileType = sourcecode.swift; path = MyCollectionView.swift; sourceTree = "<group>"; };
		54BCBCA929D5A34500511F0F /* ResultsView.swift */ = {isa = PBXFileReference; lastKnownFileType = sourcecode.swift; path = ResultsView.swift; sourceTree = "<group>"; };
		54BCBCAB29D6D7BC00511F0F /* WebView.swift */ = {isa = PBXFileReference; lastKnownFileType = sourcecode.swift; path = WebView.swift; sourceTree = "<group>"; };
		54DFE99C29E75CD300229DBA /* StorisView.swift */ = {isa = PBXFileReference; lastKnownFileType = sourcecode.swift; path = StorisView.swift; sourceTree = "<group>"; };
		54EB1DEC29B242D900A1EF46 /* FireStoreViewModel.swift */ = {isa = PBXFileReference; lastKnownFileType = sourcecode.swift; path = FireStoreViewModel.swift; sourceTree = "<group>"; };
/* End PBXFileReference section */

/* Begin PBXFrameworksBuildPhase section */
		546FACB9299E70C600C2ACF2 /* Frameworks */ = {
			isa = PBXFrameworksBuildPhase;
			buildActionMask = 2147483647;
			files = (
				5424F69529AF808800E83983 /* FirebaseFirestoreCombine-Community in Frameworks */,
				5424F69129AF808800E83983 /* FirebaseAuth in Frameworks */,
				5424F69329AF808800E83983 /* FirebaseFirestore in Frameworks */,
				5424F69929AF808800E83983 /* FirebaseStorage in Frameworks */,
				5424F69B29AF808800E83983 /* FirebaseStorageCombine-Community in Frameworks */,
				5424F69729AF808800E83983 /* FirebaseFirestoreSwift in Frameworks */,
			);
			runOnlyForDeploymentPostprocessing = 0;
		};
/* End PBXFrameworksBuildPhase section */

/* Begin PBXGroup section */
		5424F67A29A772CA00E83983 /* Service */ = {
			isa = PBXGroup;
			children = (
				5424F67B29A7731000E83983 /* AuthService.swift */,
				54BCBCA529D2EA1F00511F0F /* ImageURLService.swift */,
				54B2681A29EDDC3500727EAD /* ImagePicker.swift */,
			);
			path = Service;
			sourceTree = "<group>";
		};
		5424F67D29A77D9900E83983 /* AuthView */ = {
			isa = PBXGroup;
			children = (
				5424F67E29A77E2800E83983 /* LoginView.swift */,
			);
			path = AuthView;
			sourceTree = "<group>";
		};
		546FACB3299E70C600C2ACF2 = {
			isa = PBXGroup;
			children = (
				546FACBE299E70C600C2ACF2 /* PEDL */,
				546FACBD299E70C600C2ACF2 /* Products */,
			);
			sourceTree = "<group>";
		};
		546FACBD299E70C600C2ACF2 /* Products */ = {
			isa = PBXGroup;
			children = (
				546FACBC299E70C600C2ACF2 /* PEDL.app */,
			);
			name = Products;
			sourceTree = "<group>";
		};
		546FACBE299E70C600C2ACF2 /* PEDL */ = {
			isa = PBXGroup;
			children = (
				5424F69C29AF80F300E83983 /* GoogleService-Info.plist */,
				5424F67A29A772CA00E83983 /* Service */,
				5424F67929A7723100E83983 /* PEDL.entitlements */,
				546FACD0299E720A00C2ACF2 /* View */,
				546FACCF299E71E000C2ACF2 /* Model */,
				546FACCD299E710300C2ACF2 /* ViewModel */,
				546FACBF299E70C600C2ACF2 /* PEDLApp.swift */,
				546FACC1299E70C600C2ACF2 /* ContentView.swift */,
				546FACC3299E70C700C2ACF2 /* Assets.xcassets */,
				546FACC5299E70C700C2ACF2 /* Preview Content */,
			);
			path = PEDL;
			sourceTree = "<group>";
		};
		546FACC5299E70C700C2ACF2 /* Preview Content */ = {
			isa = PBXGroup;
			children = (
				546FACC6299E70C700C2ACF2 /* Preview Assets.xcassets */,
			);
			path = "Preview Content";
			sourceTree = "<group>";
		};
		546FACCD299E710300C2ACF2 /* ViewModel */ = {
			isa = PBXGroup;
			children = (
				546FACD1299E757C00C2ACF2 /* EuropeanaViewModel.swift */,
				54EB1DEC29B242D900A1EF46 /* FireStoreViewModel.swift */,
			);
			path = ViewModel;
			sourceTree = "<group>";
		};
		546FACCF299E71E000C2ACF2 /* Model */ = {
			isa = PBXGroup;
			children = (
				5424F68A29AF769200E83983 /* UserProfil.swift */,
				54BCBCA129C1B8BC00511F0F /* CollectionTheme.swift */,
				5455400429EECDEE00C2F239 /* MyItems.swift */,
			);
			path = Model;
			sourceTree = "<group>";
		};
		546FACD0299E720A00C2ACF2 /* View */ = {
			isa = PBXGroup;
			children = (
				5424F67D29A77D9900E83983 /* AuthView */,
				5424F68029A77E4F00E83983 /* MainView.swift */,
				5424F68229AF4F9C00E83983 /* ProfilView.swift */,
				5424F68429AF507F00E83983 /* CollectionView.swift */,
				5424F68629AF517A00E83983 /* ItemView.swift */,
				5424F68829AF519F00E83983 /* DetailView.swift */,
				5424F69F29AFA1F200E83983 /* FindView.swift */,
				54BCBCA329C4832000511F0F /* LanguageView.swift */,
				54BCBCA729D4752500511F0F /* MyCollectionView.swift */,
				54BCBCAB29D6D7BC00511F0F /* WebView.swift */,
				54BCBCA929D5A34500511F0F /* ResultsView.swift */,
				54DFE99C29E75CD300229DBA /* StorisView.swift */,
				54B2681629EAC3DA00727EAD /* ImageShowView.swift */,
				54B2681829ED823300727EAD /* ImageLoadView.swift */,
				5455400829EED25500C2F239 /* MyItemsDetailView.swift */,
				5455400A29EEDF5800C2F239 /* MyImageShowView.swift */,
				5455400C29EEE24200C2F239 /* MyItemView.swift */,
				5455400E29EF24AE00C2F239 /* InternetView.swift */,
				5455401029EF7A4A00C2F239 /* ProfilEditView.swift */,
			);
			path = View;
			sourceTree = "<group>";
		};
/* End PBXGroup section */

/* Begin PBXNativeTarget section */
		546FACBB299E70C600C2ACF2 /* PEDL */ = {
			isa = PBXNativeTarget;
			buildConfigurationList = 546FACCA299E70C700C2ACF2 /* Build configuration list for PBXNativeTarget "PEDL" */;
			buildPhases = (
				546FACB8299E70C600C2ACF2 /* Sources */,
				546FACB9299E70C600C2ACF2 /* Frameworks */,
				546FACBA299E70C600C2ACF2 /* Resources */,
			);
			buildRules = (
			);
			dependencies = (
			);
			name = PEDL;
			packageProductDependencies = (
				5424F69029AF808800E83983 /* FirebaseAuth */,
				5424F69229AF808800E83983 /* FirebaseFirestore */,
				5424F69429AF808800E83983 /* FirebaseFirestoreCombine-Community */,
				5424F69629AF808800E83983 /* FirebaseFirestoreSwift */,
				5424F69829AF808800E83983 /* FirebaseStorage */,
				5424F69A29AF808800E83983 /* FirebaseStorageCombine-Community */,
			);
			productName = PEDL;
			productReference = 546FACBC299E70C600C2ACF2 /* PEDL.app */;
			productType = "com.apple.product-type.application";
		};
/* End PBXNativeTarget section */

/* Begin PBXProject section */
		546FACB4299E70C600C2ACF2 /* Project object */ = {
			isa = PBXProject;
			attributes = {
				BuildIndependentTargetsInParallel = 1;
				LastSwiftUpdateCheck = 1420;
				LastUpgradeCheck = 1420;
				TargetAttributes = {
					546FACBB299E70C600C2ACF2 = {
						CreatedOnToolsVersion = 14.2;
					};
				};
			};
			buildConfigurationList = 546FACB7299E70C600C2ACF2 /* Build configuration list for PBXProject "PEDL" */;
			compatibilityVersion = "Xcode 14.0";
			developmentRegion = en;
			hasScannedForEncodings = 0;
			knownRegions = (
				en,
				Base,
			);
			mainGroup = 546FACB3299E70C600C2ACF2;
			packageReferences = (
				5424F68F29AF808800E83983 /* XCRemoteSwiftPackageReference "firebase-ios-sdk" */,
			);
			productRefGroup = 546FACBD299E70C600C2ACF2 /* Products */;
			projectDirPath = "";
			projectRoot = "";
			targets = (
				546FACBB299E70C600C2ACF2 /* PEDL */,
			);
		};
/* End PBXProject section */

/* Begin PBXResourcesBuildPhase section */
		546FACBA299E70C600C2ACF2 /* Resources */ = {
			isa = PBXResourcesBuildPhase;
			buildActionMask = 2147483647;
			files = (
				546FACC7299E70C700C2ACF2 /* Preview Assets.xcassets in Resources */,
				546FACC4299E70C700C2ACF2 /* Assets.xcassets in Resources */,
				5424F69D29AF80F300E83983 /* GoogleService-Info.plist in Resources */,
			);
			runOnlyForDeploymentPostprocessing = 0;
		};
/* End PBXResourcesBuildPhase section */

/* Begin PBXSourcesBuildPhase section */
		546FACB8299E70C600C2ACF2 /* Sources */ = {
			isa = PBXSourcesBuildPhase;
			buildActionMask = 2147483647;
			files = (
				546FACD2299E757C00C2ACF2 /* EuropeanaViewModel.swift in Sources */,
				5455400F29EF24AE00C2F239 /* InternetView.swift in Sources */,
				54BCBCAA29D5A34500511F0F /* ResultsView.swift in Sources */,
				5424F68329AF4F9C00E83983 /* ProfilView.swift in Sources */,
				54BCBCA429C4832000511F0F /* LanguageView.swift in Sources */,
				5424F68129A77E4F00E83983 /* MainView.swift in Sources */,
				5455401129EF7A4A00C2F239 /* ProfilEditView.swift in Sources */,
				54BCBCA229C1B8BC00511F0F /* CollectionTheme.swift in Sources */,
				5424F68929AF519F00E83983 /* DetailView.swift in Sources */,
				546FACC2299E70C600C2ACF2 /* ContentView.swift in Sources */,
				54B2681929ED823300727EAD /* ImageLoadView.swift in Sources */,
				5455400B29EEDF5800C2F239 /* MyImageShowView.swift in Sources */,
				54B2681729EAC3DA00727EAD /* ImageShowView.swift in Sources */,
				54BCBCA629D2EA1F00511F0F /* ImageURLService.swift in Sources */,
				5424F6A029AFA1F200E83983 /* FindView.swift in Sources */,
				5424F68729AF517A00E83983 /* ItemView.swift in Sources */,
				54B2681B29EDDC3500727EAD /* ImagePicker.swift in Sources */,
				5455400929EED25500C2F239 /* MyItemsDetailView.swift in Sources */,
				546FACC0299E70C600C2ACF2 /* PEDLApp.swift in Sources */,
				5424F68B29AF769200E83983 /* UserProfil.swift in Sources */,
				5455400529EECDEE00C2F239 /* MyItems.swift in Sources */,
				54BCBCAC29D6D7BD00511F0F /* WebView.swift in Sources */,
				5424F67F29A77E2800E83983 /* LoginView.swift in Sources */,
				5455400D29EEE24200C2F239 /* MyItemView.swift in Sources */,
				5424F68529AF507F00E83983 /* CollectionView.swift in Sources */,
				54DFE99D29E75CD300229DBA /* StorisView.swift in Sources */,
				5424F67C29A7731000E83983 /* AuthService.swift in Sources */,
				54BCBCA829D4752500511F0F /* MyCollectionView.swift in Sources */,
				54EB1DED29B242D900A1EF46 /* FireStoreViewModel.swift in Sources */,
			);
			runOnlyForDeploymentPostprocessing = 0;
		};
/* End PBXSourcesBuildPhase section */

/* Begin XCBuildConfiguration section */
		546FACC8299E70C700C2ACF2 /* Debug */ = {
			isa = XCBuildConfiguration;
			buildSettings = {
				ALWAYS_SEARCH_USER_PATHS = NO;
				CLANG_ANALYZER_NONNULL = YES;
				CLANG_ANALYZER_NUMBER_OBJECT_CONVERSION = YES_AGGRESSIVE;
				CLANG_CXX_LANGUAGE_STANDARD = "gnu++20";
				CLANG_ENABLE_MODULES = YES;
				CLANG_ENABLE_OBJC_ARC = YES;
				CLANG_ENABLE_OBJC_WEAK = YES;
				CLANG_WARN_BLOCK_CAPTURE_AUTORELEASING = YES;
				CLANG_WARN_BOOL_CONVERSION = YES;
				CLANG_WARN_COMMA = YES;
				CLANG_WARN_CONSTANT_CONVERSION = YES;
				CLANG_WARN_DEPRECATED_OBJC_IMPLEMENTATIONS = YES;
				CLANG_WARN_DIRECT_OBJC_ISA_USAGE = YES_ERROR;
				CLANG_WARN_DOCUMENTATION_COMMENTS = YES;
				CLANG_WARN_EMPTY_BODY = YES;
				CLANG_WARN_ENUM_CONVERSION = YES;
				CLANG_WARN_INFINITE_RECURSION = YES;
				CLANG_WARN_INT_CONVERSION = YES;
				CLANG_WARN_NON_LITERAL_NULL_CONVERSION = YES;
				CLANG_WARN_OBJC_IMPLICIT_RETAIN_SELF = YES;
				CLANG_WARN_OBJC_LITERAL_CONVERSION = YES;
				CLANG_WARN_OBJC_ROOT_CLASS = YES_ERROR;
				CLANG_WARN_QUOTED_INCLUDE_IN_FRAMEWORK_HEADER = YES;
				CLANG_WARN_RANGE_LOOP_ANALYSIS = YES;
				CLANG_WARN_STRICT_PROTOTYPES = YES;
				CLANG_WARN_SUSPICIOUS_MOVE = YES;
				CLANG_WARN_UNGUARDED_AVAILABILITY = YES_AGGRESSIVE;
				CLANG_WARN_UNREACHABLE_CODE = YES;
				CLANG_WARN__DUPLICATE_METHOD_MATCH = YES;
				COPY_PHASE_STRIP = NO;
				DEBUG_INFORMATION_FORMAT = dwarf;
				ENABLE_STRICT_OBJC_MSGSEND = YES;
				ENABLE_TESTABILITY = YES;
				GCC_C_LANGUAGE_STANDARD = gnu11;
				GCC_DYNAMIC_NO_PIC = NO;
				GCC_NO_COMMON_BLOCKS = YES;
				GCC_OPTIMIZATION_LEVEL = 0;
				GCC_PREPROCESSOR_DEFINITIONS = (
					"DEBUG=1",
					"$(inherited)",
				);
				GCC_WARN_64_TO_32_BIT_CONVERSION = YES;
				GCC_WARN_ABOUT_RETURN_TYPE = YES_ERROR;
				GCC_WARN_UNDECLARED_SELECTOR = YES;
				GCC_WARN_UNINITIALIZED_AUTOS = YES_AGGRESSIVE;
				GCC_WARN_UNUSED_FUNCTION = YES;
				GCC_WARN_UNUSED_VARIABLE = YES;
				IPHONEOS_DEPLOYMENT_TARGET = 16.2;
				MTL_ENABLE_DEBUG_INFO = INCLUDE_SOURCE;
				MTL_FAST_MATH = YES;
				ONLY_ACTIVE_ARCH = YES;
				SDKROOT = iphoneos;
				SWIFT_ACTIVE_COMPILATION_CONDITIONS = DEBUG;
				SWIFT_OPTIMIZATION_LEVEL = "-Onone";
			};
			name = Debug;
		};
		546FACC9299E70C700C2ACF2 /* Release */ = {
			isa = XCBuildConfiguration;
			buildSettings = {
				ALWAYS_SEARCH_USER_PATHS = NO;
				CLANG_ANALYZER_NONNULL = YES;
				CLANG_ANALYZER_NUMBER_OBJECT_CONVERSION = YES_AGGRESSIVE;
				CLANG_CXX_LANGUAGE_STANDARD = "gnu++20";
				CLANG_ENABLE_MODULES = YES;
				CLANG_ENABLE_OBJC_ARC = YES;
				CLANG_ENABLE_OBJC_WEAK = YES;
				CLANG_WARN_BLOCK_CAPTURE_AUTORELEASING = YES;
				CLANG_WARN_BOOL_CONVERSION = YES;
				CLANG_WARN_COMMA = YES;
				CLANG_WARN_CONSTANT_CONVERSION = YES;
				CLANG_WARN_DEPRECATED_OBJC_IMPLEMENTATIONS = YES;
				CLANG_WARN_DIRECT_OBJC_ISA_USAGE = YES_ERROR;
				CLANG_WARN_DOCUMENTATION_COMMENTS = YES;
				CLANG_WARN_EMPTY_BODY = YES;
				CLANG_WARN_ENUM_CONVERSION = YES;
				CLANG_WARN_INFINITE_RECURSION = YES;
				CLANG_WARN_INT_CONVERSION = YES;
				CLANG_WARN_NON_LITERAL_NULL_CONVERSION = YES;
				CLANG_WARN_OBJC_IMPLICIT_RETAIN_SELF = YES;
				CLANG_WARN_OBJC_LITERAL_CONVERSION = YES;
				CLANG_WARN_OBJC_ROOT_CLASS = YES_ERROR;
				CLANG_WARN_QUOTED_INCLUDE_IN_FRAMEWORK_HEADER = YES;
				CLANG_WARN_RANGE_LOOP_ANALYSIS = YES;
				CLANG_WARN_STRICT_PROTOTYPES = YES;
				CLANG_WARN_SUSPICIOUS_MOVE = YES;
				CLANG_WARN_UNGUARDED_AVAILABILITY = YES_AGGRESSIVE;
				CLANG_WARN_UNREACHABLE_CODE = YES;
				CLANG_WARN__DUPLICATE_METHOD_MATCH = YES;
				COPY_PHASE_STRIP = NO;
				DEBUG_INFORMATION_FORMAT = "dwarf-with-dsym";
				ENABLE_NS_ASSERTIONS = NO;
				ENABLE_STRICT_OBJC_MSGSEND = YES;
				GCC_C_LANGUAGE_STANDARD = gnu11;
				GCC_NO_COMMON_BLOCKS = YES;
				GCC_WARN_64_TO_32_BIT_CONVERSION = YES;
				GCC_WARN_ABOUT_RETURN_TYPE = YES_ERROR;
				GCC_WARN_UNDECLARED_SELECTOR = YES;
				GCC_WARN_UNINITIALIZED_AUTOS = YES_AGGRESSIVE;
				GCC_WARN_UNUSED_FUNCTION = YES;
				GCC_WARN_UNUSED_VARIABLE = YES;
				IPHONEOS_DEPLOYMENT_TARGET = 16.2;
				MTL_ENABLE_DEBUG_INFO = NO;
				MTL_FAST_MATH = YES;
				SDKROOT = iphoneos;
				SWIFT_COMPILATION_MODE = wholemodule;
				SWIFT_OPTIMIZATION_LEVEL = "-O";
				VALIDATE_PRODUCT = YES;
			};
			name = Release;
		};
		546FACCB299E70C700C2ACF2 /* Debug */ = {
			isa = XCBuildConfiguration;
			buildSettings = {
				ASSETCATALOG_COMPILER_APPICON_NAME = AppIcon;
				ASSETCATALOG_COMPILER_GLOBAL_ACCENT_COLOR_NAME = AccentColor;
				CODE_SIGN_ENTITLEMENTS = PEDL/PEDL.entitlements;
				CODE_SIGN_STYLE = Automatic;
				CURRENT_PROJECT_VERSION = 1;
				DEVELOPMENT_ASSET_PATHS = "\"PEDL/Preview Content\"";
				ENABLE_PREVIEWS = YES;
				GENERATE_INFOPLIST_FILE = YES;
				INFOPLIST_FILE = PEDL/Info.plist;
				INFOPLIST_KEY_UIApplicationSupportsIndirectInputEvents = YES;
				INFOPLIST_KEY_UILaunchScreen_Generation = YES;
				INFOPLIST_KEY_UISupportedInterfaceOrientations_iPad = "UIInterfaceOrientationPortrait UIInterfaceOrientationPortraitUpsideDown UIInterfaceOrientationLandscapeLeft UIInterfaceOrientationLandscapeRight";
				INFOPLIST_KEY_UISupportedInterfaceOrientations_iPhone = "UIInterfaceOrientationPortrait UIInterfaceOrientationLandscapeLeft UIInterfaceOrientationLandscapeRight";
				LD_RUNPATH_SEARCH_PATHS = (
					"$(inherited)",
					"@executable_path/Frameworks",
				);
				MARKETING_VERSION = 1.0;
				PRODUCT_BUNDLE_IDENTIFIER = eu.gordonmedia.PEDL;
				PRODUCT_NAME = "$(TARGET_NAME)";
				SWIFT_EMIT_LOC_STRINGS = YES;
				SWIFT_VERSION = 5.0;
				TARGETED_DEVICE_FAMILY = "1,2";
			};
			name = Debug;
		};
		546FACCC299E70C700C2ACF2 /* Release */ = {
			isa = XCBuildConfiguration;
			buildSettings = {
				ASSETCATALOG_COMPILER_APPICON_NAME = AppIcon;
				ASSETCATALOG_COMPILER_GLOBAL_ACCENT_COLOR_NAME = AccentColor;
				CODE_SIGN_ENTITLEMENTS = PEDL/PEDL.entitlements;
				CODE_SIGN_STYLE = Automatic;
				CURRENT_PROJECT_VERSION = 1;
				DEVELOPMENT_ASSET_PATHS = "\"PEDL/Preview Content\"";
				ENABLE_PREVIEWS = YES;
				GENERATE_INFOPLIST_FILE = YES;
				INFOPLIST_FILE = PEDL/Info.plist;
				INFOPLIST_KEY_UIApplicationSupportsIndirectInputEvents = YES;
				INFOPLIST_KEY_UILaunchScreen_Generation = YES;
				INFOPLIST_KEY_UISupportedInterfaceOrientations_iPad = "UIInterfaceOrientationPortrait UIInterfaceOrientationPortraitUpsideDown UIInterfaceOrientationLandscapeLeft UIInterfaceOrientationLandscapeRight";
				INFOPLIST_KEY_UISupportedInterfaceOrientations_iPhone = "UIInterfaceOrientationPortrait UIInterfaceOrientationLandscapeLeft UIInterfaceOrientationLandscapeRight";
				LD_RUNPATH_SEARCH_PATHS = (
					"$(inherited)",
					"@executable_path/Frameworks",
				);
				MARKETING_VERSION = 1.0;
				PRODUCT_BUNDLE_IDENTIFIER = eu.gordonmedia.PEDL;
				PRODUCT_NAME = "$(TARGET_NAME)";
				SWIFT_EMIT_LOC_STRINGS = YES;
				SWIFT_VERSION = 5.0;
				TARGETED_DEVICE_FAMILY = "1,2";
			};
			name = Release;
		};
/* End XCBuildConfiguration section */

/* Begin XCConfigurationList section */
		546FACB7299E70C600C2ACF2 /* Build configuration list for PBXProject "PEDL" */ = {
			isa = XCConfigurationList;
			buildConfigurations = (
				546FACC8299E70C700C2ACF2 /* Debug */,
				546FACC9299E70C700C2ACF2 /* Release */,
			);
			defaultConfigurationIsVisible = 0;
			defaultConfigurationName = Release;
		};
		546FACCA299E70C700C2ACF2 /* Build configuration list for PBXNativeTarget "PEDL" */ = {
			isa = XCConfigurationList;
			buildConfigurations = (
				546FACCB299E70C700C2ACF2 /* Debug */,
				546FACCC299E70C700C2ACF2 /* Release */,
			);
			defaultConfigurationIsVisible = 0;
			defaultConfigurationName = Release;
		};
/* End XCConfigurationList section */

/* Begin XCRemoteSwiftPackageReference section */
		5424F68F29AF808800E83983 /* XCRemoteSwiftPackageReference "firebase-ios-sdk" */ = {
			isa = XCRemoteSwiftPackageReference;
			repositoryURL = "https://github.com/firebase/firebase-ios-sdk";
			requirement = {
				kind = upToNextMajorVersion;
				minimumVersion = 9.0.0;
			};
		};
/* End XCRemoteSwiftPackageReference section */

/* Begin XCSwiftPackageProductDependency section */
		5424F69029AF808800E83983 /* FirebaseAuth */ = {
			isa = XCSwiftPackageProductDependency;
			package = 5424F68F29AF808800E83983 /* XCRemoteSwiftPackageReference "firebase-ios-sdk" */;
			productName = FirebaseAuth;
		};
		5424F69229AF808800E83983 /* FirebaseFirestore */ = {
			isa = XCSwiftPackageProductDependency;
			package = 5424F68F29AF808800E83983 /* XCRemoteSwiftPackageReference "firebase-ios-sdk" */;
			productName = FirebaseFirestore;
		};
		5424F69429AF808800E83983 /* FirebaseFirestoreCombine-Community */ = {
			isa = XCSwiftPackageProductDependency;
			package = 5424F68F29AF808800E83983 /* XCRemoteSwiftPackageReference "firebase-ios-sdk" */;
			productName = "FirebaseFirestoreCombine-Community";
		};
		5424F69629AF808800E83983 /* FirebaseFirestoreSwift */ = {
			isa = XCSwiftPackageProductDependency;
			package = 5424F68F29AF808800E83983 /* XCRemoteSwiftPackageReference "firebase-ios-sdk" */;
			productName = FirebaseFirestoreSwift;
		};
		5424F69829AF808800E83983 /* FirebaseStorage */ = {
			isa = XCSwiftPackageProductDependency;
			package = 5424F68F29AF808800E83983 /* XCRemoteSwiftPackageReference "firebase-ios-sdk" */;
			productName = FirebaseStorage;
		};
		5424F69A29AF808800E83983 /* FirebaseStorageCombine-Community */ = {
			isa = XCSwiftPackageProductDependency;
			package = 5424F68F29AF808800E83983 /* XCRemoteSwiftPackageReference "firebase-ios-sdk" */;
			productName = "FirebaseStorageCombine-Community";
		};
/* End XCSwiftPackageProductDependency section */
	};
	rootObject = 546FACB4299E70C600C2ACF2 /* Project object */;
}
